// !$*UTF8*$!
{
	archiveVersion = 1;
	classes = {
	};
	objectVersion = 60;
	objects = {

/* Begin PBXBuildFile section */
		0103BB4D2AF123A5009ACF10 /* Coffee.swift in Sources */ = {isa = PBXBuildFile; fileRef = 0103BB4C2AF123A5009ACF10 /* Coffee.swift */; };
		0103BB4F2AF123B1009ACF10 /* Rating.swift in Sources */ = {isa = PBXBuildFile; fileRef = 0103BB4E2AF123B1009ACF10 /* Rating.swift */; };
		0103BB862AF12D44009ACF10 /* KofiLightTheme.swift in Sources */ = {isa = PBXBuildFile; fileRef = 0103BB852AF12D44009ACF10 /* KofiLightTheme.swift */; };
		0103BB8B2AF1664A009ACF10 /* KofiThemes.swift in Sources */ = {isa = PBXBuildFile; fileRef = 0103BB8A2AF1664A009ACF10 /* KofiThemes.swift */; };
		011F12A02AF448CE00787084 /* ExploreContentUnavailableView.swift in Sources */ = {isa = PBXBuildFile; fileRef = 011F129F2AF448CE00787084 /* ExploreContentUnavailableView.swift */; };
		011F12A22AF4490A00787084 /* CoffeeCarouselView.swift in Sources */ = {isa = PBXBuildFile; fileRef = 011F12A12AF4490A00787084 /* CoffeeCarouselView.swift */; };
		0135C1602AF18ED100CA541F /* ExploreView.swift in Sources */ = {isa = PBXBuildFile; fileRef = 0135C15F2AF18ED100CA541F /* ExploreView.swift */; };
		0167EC602AEC45D9006469C1 /* KofiApp.swift in Sources */ = {isa = PBXBuildFile; fileRef = 0167EC5F2AEC45D9006469C1 /* KofiApp.swift */; };
		0167EC642AEC45DA006469C1 /* Assets.xcassets in Resources */ = {isa = PBXBuildFile; fileRef = 0167EC632AEC45DA006469C1 /* Assets.xcassets */; };
		0167EC672AEC45DA006469C1 /* Preview Assets.xcassets in Resources */ = {isa = PBXBuildFile; fileRef = 0167EC662AEC45DA006469C1 /* Preview Assets.xcassets */; };
		017159482AEFEA69009279DA /* RatingFeatureEffects.swift in Sources */ = {isa = PBXBuildFile; fileRef = 017159472AEFEA69009279DA /* RatingFeatureEffects.swift */; };
		017DF8F62AFA9CFA00A07BA6 /* Store.swift in Sources */ = {isa = PBXBuildFile; fileRef = 017DF8F52AFA9CFA00A07BA6 /* Store.swift */; };
		017DF8F82AFA9D1200A07BA6 /* ExploreFeature.swift in Sources */ = {isa = PBXBuildFile; fileRef = 017DF8F72AFA9D1200A07BA6 /* ExploreFeature.swift */; };
		017DF8FB2AFA9D5300A07BA6 /* ExploreFeatureEffects.swift in Sources */ = {isa = PBXBuildFile; fileRef = 017DF8FA2AFA9D5300A07BA6 /* ExploreFeatureEffects.swift */; };
		017DF8FD2AFA9D8800A07BA6 /* ExploreFeatureReducer.swift in Sources */ = {isa = PBXBuildFile; fileRef = 017DF8FC2AFA9D8800A07BA6 /* ExploreFeatureReducer.swift */; };
		01845B292AF2BD420051F182 /* GeoKit in Frameworks */ = {isa = PBXBuildFile; productRef = 01845B282AF2BD420051F182 /* GeoKit */; };
		01845B2C2AF2C18B0051F182 /* RatingFeature.swift in Sources */ = {isa = PBXBuildFile; fileRef = 01845B2B2AF2C18B0051F182 /* RatingFeature.swift */; };
		01845B2E2AF2C71D0051F182 /* RatingFeatureReducer.swift in Sources */ = {isa = PBXBuildFile; fileRef = 01845B2D2AF2C71D0051F182 /* RatingFeatureReducer.swift */; };
		01B8942D2AF41B910068FD83 /* CupSize.swift in Sources */ = {isa = PBXBuildFile; fileRef = 01B8942C2AF41B910068FD83 /* CupSize.swift */; };
		01C1BE6C2AF01F7D00042751 /* CoffeeRecommendation.mlmodel in Sources */ = {isa = PBXBuildFile; fileRef = 01C1BE6B2AF01F7D00042751 /* CoffeeRecommendation.mlmodel */; };
/* End PBXBuildFile section */

/* Begin PBXFileReference section */
		0103BB4C2AF123A5009ACF10 /* Coffee.swift */ = {isa = PBXFileReference; lastKnownFileType = sourcecode.swift; path = Coffee.swift; sourceTree = "<group>"; };
		0103BB4E2AF123B1009ACF10 /* Rating.swift */ = {isa = PBXFileReference; lastKnownFileType = sourcecode.swift; path = Rating.swift; sourceTree = "<group>"; };
		0103BB852AF12D44009ACF10 /* KofiLightTheme.swift */ = {isa = PBXFileReference; lastKnownFileType = sourcecode.swift; path = KofiLightTheme.swift; sourceTree = "<group>"; };
		0103BB8A2AF1664A009ACF10 /* KofiThemes.swift */ = {isa = PBXFileReference; lastKnownFileType = sourcecode.swift; path = KofiThemes.swift; sourceTree = "<group>"; };
		011F129F2AF448CE00787084 /* ExploreContentUnavailableView.swift */ = {isa = PBXFileReference; lastKnownFileType = sourcecode.swift; path = ExploreContentUnavailableView.swift; sourceTree = "<group>"; };
		011F12A12AF4490A00787084 /* CoffeeCarouselView.swift */ = {isa = PBXFileReference; lastKnownFileType = sourcecode.swift; path = CoffeeCarouselView.swift; sourceTree = "<group>"; };
		0135C15F2AF18ED100CA541F /* ExploreView.swift */ = {isa = PBXFileReference; lastKnownFileType = sourcecode.swift; path = ExploreView.swift; sourceTree = "<group>"; };
		0167EC5C2AEC45D9006469C1 /* Kofi.app */ = {isa = PBXFileReference; explicitFileType = wrapper.application; includeInIndex = 0; path = Kofi.app; sourceTree = BUILT_PRODUCTS_DIR; };
		0167EC5F2AEC45D9006469C1 /* KofiApp.swift */ = {isa = PBXFileReference; lastKnownFileType = sourcecode.swift; path = KofiApp.swift; sourceTree = "<group>"; };
		0167EC632AEC45DA006469C1 /* Assets.xcassets */ = {isa = PBXFileReference; lastKnownFileType = folder.assetcatalog; path = Assets.xcassets; sourceTree = "<group>"; };
		0167EC662AEC45DA006469C1 /* Preview Assets.xcassets */ = {isa = PBXFileReference; lastKnownFileType = folder.assetcatalog; path = "Preview Assets.xcassets"; sourceTree = "<group>"; };
		017159472AEFEA69009279DA /* RatingFeatureEffects.swift */ = {isa = PBXFileReference; lastKnownFileType = sourcecode.swift; path = RatingFeatureEffects.swift; sourceTree = "<group>"; };
		017DF8F52AFA9CFA00A07BA6 /* Store.swift */ = {isa = PBXFileReference; lastKnownFileType = sourcecode.swift; path = Store.swift; sourceTree = "<group>"; };
		017DF8F72AFA9D1200A07BA6 /* ExploreFeature.swift */ = {isa = PBXFileReference; lastKnownFileType = sourcecode.swift; path = ExploreFeature.swift; sourceTree = "<group>"; };
		017DF8FA2AFA9D5300A07BA6 /* ExploreFeatureEffects.swift */ = {isa = PBXFileReference; lastKnownFileType = sourcecode.swift; path = ExploreFeatureEffects.swift; sourceTree = "<group>"; };
		017DF8FC2AFA9D8800A07BA6 /* ExploreFeatureReducer.swift */ = {isa = PBXFileReference; lastKnownFileType = sourcecode.swift; path = ExploreFeatureReducer.swift; sourceTree = "<group>"; };
		01845B2B2AF2C18B0051F182 /* RatingFeature.swift */ = {isa = PBXFileReference; lastKnownFileType = sourcecode.swift; path = RatingFeature.swift; sourceTree = "<group>"; };
		01845B2D2AF2C71D0051F182 /* RatingFeatureReducer.swift */ = {isa = PBXFileReference; lastKnownFileType = sourcecode.swift; path = RatingFeatureReducer.swift; sourceTree = "<group>"; };
		01B8942B2AF4193B0068FD83 /* Kofi.entitlements */ = {isa = PBXFileReference; lastKnownFileType = text.plist.entitlements; path = Kofi.entitlements; sourceTree = "<group>"; };
		01B8942C2AF41B910068FD83 /* CupSize.swift */ = {isa = PBXFileReference; lastKnownFileType = sourcecode.swift; path = CupSize.swift; sourceTree = "<group>"; };
		01C1BE6B2AF01F7D00042751 /* CoffeeRecommendation.mlmodel */ = {isa = PBXFileReference; lastKnownFileType = file.mlmodel; path = CoffeeRecommendation.mlmodel; sourceTree = "<group>"; };
/* End PBXFileReference section */

/* Begin PBXFrameworksBuildPhase section */
		0167EC592AEC45D9006469C1 /* Frameworks */ = {
			isa = PBXFrameworksBuildPhase;
			buildActionMask = 2147483647;
			files = (
				01845B292AF2BD420051F182 /* GeoKit in Frameworks */,
			);
			runOnlyForDeploymentPostprocessing = 0;
		};
/* End PBXFrameworksBuildPhase section */

/* Begin PBXGroup section */
		0103BB4B2AF1239A009ACF10 /* Models */ = {
			isa = PBXGroup;
			children = (
				0103BB4C2AF123A5009ACF10 /* Coffee.swift */,
				01B8942C2AF41B910068FD83 /* CupSize.swift */,
				0103BB4E2AF123B1009ACF10 /* Rating.swift */,
			);
			path = Models;
			sourceTree = "<group>";
		};
		0103BB532AF12453009ACF10 /* Resources */ = {
			isa = PBXGroup;
			children = (
				01B8942B2AF4193B0068FD83 /* Kofi.entitlements */,
				0167EC632AEC45DA006469C1 /* Assets.xcassets */,
				0167EC652AEC45DA006469C1 /* Preview Content */,
			);
			path = Resources;
			sourceTree = "<group>";
		};
		0103BB542AF12459009ACF10 /* Views */ = {
			isa = PBXGroup;
			children = (
				0167EC5F2AEC45D9006469C1 /* KofiApp.swift */,
				0135C15F2AF18ED100CA541F /* ExploreView.swift */,
				011F12A12AF4490A00787084 /* CoffeeCarouselView.swift */,
				011F129F2AF448CE00787084 /* ExploreContentUnavailableView.swift */,
			);
			path = Views;
			sourceTree = "<group>";
		};
		0103BB842AF12D33009ACF10 /* Branding */ = {
			isa = PBXGroup;
			children = (
				0103BB8A2AF1664A009ACF10 /* KofiThemes.swift */,
				0103BB852AF12D44009ACF10 /* KofiLightTheme.swift */,
			);
			path = Branding;
			sourceTree = "<group>";
		};
		0103BB8E2AF168FD009ACF10 /* Features */ = {
			isa = PBXGroup;
			children = (
				017DF8F92AFA9D3E00A07BA6 /* Explore */,
				01845B2A2AF2C1820051F182 /* Rating */,
			);
			path = Features;
			sourceTree = "<group>";
		};
		0167EC532AEC45D9006469C1 = {
			isa = PBXGroup;
			children = (
				0167EC5E2AEC45D9006469C1 /* Kofi */,
				0167EC5D2AEC45D9006469C1 /* Products */,
			);
			sourceTree = "<group>";
		};
		0167EC5D2AEC45D9006469C1 /* Products */ = {
			isa = PBXGroup;
			children = (
				0167EC5C2AEC45D9006469C1 /* Kofi.app */,
			);
			name = Products;
			sourceTree = "<group>";
		};
		0167EC5E2AEC45D9006469C1 /* Kofi */ = {
			isa = PBXGroup;
			children = (
				017159452AEFEA19009279DA /* App */,
				017159462AEFEA20009279DA /* Business */,
			);
			path = Kofi;
			sourceTree = "<group>";
		};
		0167EC652AEC45DA006469C1 /* Preview Content */ = {
			isa = PBXGroup;
			children = (
				0167EC662AEC45DA006469C1 /* Preview Assets.xcassets */,
			);
			path = "Preview Content";
			sourceTree = "<group>";
		};
		017159452AEFEA19009279DA /* App */ = {
			isa = PBXGroup;
			children = (
				017DF8F52AFA9CFA00A07BA6 /* Store.swift */,
				0103BB542AF12459009ACF10 /* Views */,
				0103BB532AF12453009ACF10 /* Resources */,
			);
			path = App;
			sourceTree = "<group>";
		};
		017159462AEFEA20009279DA /* Business */ = {
			isa = PBXGroup;
			children = (
				0103BB8E2AF168FD009ACF10 /* Features */,
				0103BB4B2AF1239A009ACF10 /* Models */,
				0103BB842AF12D33009ACF10 /* Branding */,
			);
			path = Business;
			sourceTree = "<group>";
		};
		017DF8F92AFA9D3E00A07BA6 /* Explore */ = {
			isa = PBXGroup;
			children = (
				017DF8F72AFA9D1200A07BA6 /* ExploreFeature.swift */,
				017DF8FC2AFA9D8800A07BA6 /* ExploreFeatureReducer.swift */,
				017DF8FA2AFA9D5300A07BA6 /* ExploreFeatureEffects.swift */,
			);
			path = Explore;
			sourceTree = "<group>";
		};
		01845B2A2AF2C1820051F182 /* Rating */ = {
			isa = PBXGroup;
			children = (
				01845B2B2AF2C18B0051F182 /* RatingFeature.swift */,
				01845B2D2AF2C71D0051F182 /* RatingFeatureReducer.swift */,
				017159472AEFEA69009279DA /* RatingFeatureEffects.swift */,
				01C1BE6B2AF01F7D00042751 /* CoffeeRecommendation.mlmodel */,
			);
			path = Rating;
			sourceTree = "<group>";
		};
/* End PBXGroup section */

/* Begin PBXNativeTarget section */
		0167EC5B2AEC45D9006469C1 /* Kofi */ = {
			isa = PBXNativeTarget;
			buildConfigurationList = 0167EC6A2AEC45DA006469C1 /* Build configuration list for PBXNativeTarget "Kofi" */;
			buildPhases = (
				0167EC582AEC45D9006469C1 /* Sources */,
				0167EC592AEC45D9006469C1 /* Frameworks */,
				0167EC5A2AEC45D9006469C1 /* Resources */,
			);
			buildRules = (
			);
			dependencies = (
			);
			name = Kofi;
			packageProductDependencies = (
				01845B282AF2BD420051F182 /* GeoKit */,
			);
			productName = Kofi;
			productReference = 0167EC5C2AEC45D9006469C1 /* Kofi.app */;
			productType = "com.apple.product-type.application";
		};
/* End PBXNativeTarget section */

/* Begin PBXProject section */
		0167EC542AEC45D9006469C1 /* Project object */ = {
			isa = PBXProject;
			attributes = {
				BuildIndependentTargetsInParallel = 1;
				LastSwiftUpdateCheck = 1510;
				LastUpgradeCheck = 1510;
				TargetAttributes = {
					0167EC5B2AEC45D9006469C1 = {
						CreatedOnToolsVersion = 15.1;
					};
				};
			};
			buildConfigurationList = 0167EC572AEC45D9006469C1 /* Build configuration list for PBXProject "Kofi" */;
			compatibilityVersion = "Xcode 14.0";
			developmentRegion = en;
			hasScannedForEncodings = 0;
			knownRegions = (
				en,
				Base,
			);
			mainGroup = 0167EC532AEC45D9006469C1;
			packageReferences = (
				01845B272AF2BD420051F182 /* XCLocalSwiftPackageReference "../../Kits/GeoKit" */,
			);
			productRefGroup = 0167EC5D2AEC45D9006469C1 /* Products */;
			projectDirPath = "";
			projectRoot = "";
			targets = (
				0167EC5B2AEC45D9006469C1 /* Kofi */,
			);
		};
/* End PBXProject section */

/* Begin PBXResourcesBuildPhase section */
		0167EC5A2AEC45D9006469C1 /* Resources */ = {
			isa = PBXResourcesBuildPhase;
			buildActionMask = 2147483647;
			files = (
				0167EC672AEC45DA006469C1 /* Preview Assets.xcassets in Resources */,
				0167EC642AEC45DA006469C1 /* Assets.xcassets in Resources */,
			);
			runOnlyForDeploymentPostprocessing = 0;
		};
/* End PBXResourcesBuildPhase section */

/* Begin PBXSourcesBuildPhase section */
		0167EC582AEC45D9006469C1 /* Sources */ = {
			isa = PBXSourcesBuildPhase;
			buildActionMask = 2147483647;
			files = (
				0103BB4F2AF123B1009ACF10 /* Rating.swift in Sources */,
				0103BB8B2AF1664A009ACF10 /* KofiThemes.swift in Sources */,
				01B8942D2AF41B910068FD83 /* CupSize.swift in Sources */,
				011F12A02AF448CE00787084 /* ExploreContentUnavailableView.swift in Sources */,
				017DF8FB2AFA9D5300A07BA6 /* ExploreFeatureEffects.swift in Sources */,
				01C1BE6C2AF01F7D00042751 /* CoffeeRecommendation.mlmodel in Sources */,
				01845B2C2AF2C18B0051F182 /* RatingFeature.swift in Sources */,
				0103BB862AF12D44009ACF10 /* KofiLightTheme.swift in Sources */,
				01845B2E2AF2C71D0051F182 /* RatingFeatureReducer.swift in Sources */,
				0135C1602AF18ED100CA541F /* ExploreView.swift in Sources */,
				017DF8F62AFA9CFA00A07BA6 /* Store.swift in Sources */,
				017DF8F82AFA9D1200A07BA6 /* ExploreFeature.swift in Sources */,
				011F12A22AF4490A00787084 /* CoffeeCarouselView.swift in Sources */,
				017DF8FD2AFA9D8800A07BA6 /* ExploreFeatureReducer.swift in Sources */,
				0167EC602AEC45D9006469C1 /* KofiApp.swift in Sources */,
				017159482AEFEA69009279DA /* RatingFeatureEffects.swift in Sources */,
				0103BB4D2AF123A5009ACF10 /* Coffee.swift in Sources */,
			);
			runOnlyForDeploymentPostprocessing = 0;
		};
/* End PBXSourcesBuildPhase section */

/* Begin XCBuildConfiguration section */
		0167EC682AEC45DA006469C1 /* Debug */ = {
			isa = XCBuildConfiguration;
			buildSettings = {
				ALWAYS_SEARCH_USER_PATHS = NO;
				ASSETCATALOG_COMPILER_GENERATE_SWIFT_ASSET_SYMBOL_EXTENSIONS = YES;
				CLANG_ANALYZER_NONNULL = YES;
				CLANG_ANALYZER_NUMBER_OBJECT_CONVERSION = YES_AGGRESSIVE;
				CLANG_CXX_LANGUAGE_STANDARD = "gnu++20";
				CLANG_ENABLE_MODULES = YES;
				CLANG_ENABLE_OBJC_ARC = YES;
				CLANG_ENABLE_OBJC_WEAK = YES;
				CLANG_WARN_BLOCK_CAPTURE_AUTORELEASING = YES;
				CLANG_WARN_BOOL_CONVERSION = YES;
				CLANG_WARN_COMMA = YES;
				CLANG_WARN_CONSTANT_CONVERSION = YES;
				CLANG_WARN_DEPRECATED_OBJC_IMPLEMENTATIONS = YES;
				CLANG_WARN_DIRECT_OBJC_ISA_USAGE = YES_ERROR;
				CLANG_WARN_DOCUMENTATION_COMMENTS = YES;
				CLANG_WARN_EMPTY_BODY = YES;
				CLANG_WARN_ENUM_CONVERSION = YES;
				CLANG_WARN_INFINITE_RECURSION = YES;
				CLANG_WARN_INT_CONVERSION = YES;
				CLANG_WARN_NON_LITERAL_NULL_CONVERSION = YES;
				CLANG_WARN_OBJC_IMPLICIT_RETAIN_SELF = YES;
				CLANG_WARN_OBJC_LITERAL_CONVERSION = YES;
				CLANG_WARN_OBJC_ROOT_CLASS = YES_ERROR;
				CLANG_WARN_QUOTED_INCLUDE_IN_FRAMEWORK_HEADER = YES;
				CLANG_WARN_RANGE_LOOP_ANALYSIS = YES;
				CLANG_WARN_STRICT_PROTOTYPES = YES;
				CLANG_WARN_SUSPICIOUS_MOVE = YES;
				CLANG_WARN_UNGUARDED_AVAILABILITY = YES_AGGRESSIVE;
				CLANG_WARN_UNREACHABLE_CODE = YES;
				CLANG_WARN__DUPLICATE_METHOD_MATCH = YES;
				COPY_PHASE_STRIP = NO;
				DEBUG_INFORMATION_FORMAT = dwarf;
				ENABLE_STRICT_OBJC_MSGSEND = YES;
				ENABLE_TESTABILITY = YES;
				ENABLE_USER_SCRIPT_SANDBOXING = YES;
				GCC_C_LANGUAGE_STANDARD = gnu17;
				GCC_DYNAMIC_NO_PIC = NO;
				GCC_NO_COMMON_BLOCKS = YES;
				GCC_OPTIMIZATION_LEVEL = 0;
				GCC_PREPROCESSOR_DEFINITIONS = (
					"DEBUG=1",
					"$(inherited)",
				);
				GCC_WARN_64_TO_32_BIT_CONVERSION = YES;
				GCC_WARN_ABOUT_RETURN_TYPE = YES_ERROR;
				GCC_WARN_UNDECLARED_SELECTOR = YES;
				GCC_WARN_UNINITIALIZED_AUTOS = YES_AGGRESSIVE;
				GCC_WARN_UNUSED_FUNCTION = YES;
				GCC_WARN_UNUSED_VARIABLE = YES;
				IPHONEOS_DEPLOYMENT_TARGET = 17.0;
				LOCALIZATION_PREFERS_STRING_CATALOGS = YES;
				MTL_ENABLE_DEBUG_INFO = INCLUDE_SOURCE;
				MTL_FAST_MATH = YES;
				ONLY_ACTIVE_ARCH = YES;
				SDKROOT = iphoneos;
				SWIFT_ACTIVE_COMPILATION_CONDITIONS = "DEBUG $(inherited)";
				SWIFT_OPTIMIZATION_LEVEL = "-Onone";
			};
			name = Debug;
		};
		0167EC692AEC45DA006469C1 /* Release */ = {
			isa = XCBuildConfiguration;
			buildSettings = {
				ALWAYS_SEARCH_USER_PATHS = NO;
				ASSETCATALOG_COMPILER_GENERATE_SWIFT_ASSET_SYMBOL_EXTENSIONS = YES;
				CLANG_ANALYZER_NONNULL = YES;
				CLANG_ANALYZER_NUMBER_OBJECT_CONVERSION = YES_AGGRESSIVE;
				CLANG_CXX_LANGUAGE_STANDARD = "gnu++20";
				CLANG_ENABLE_MODULES = YES;
				CLANG_ENABLE_OBJC_ARC = YES;
				CLANG_ENABLE_OBJC_WEAK = YES;
				CLANG_WARN_BLOCK_CAPTURE_AUTORELEASING = YES;
				CLANG_WARN_BOOL_CONVERSION = YES;
				CLANG_WARN_COMMA = YES;
				CLANG_WARN_CONSTANT_CONVERSION = YES;
				CLANG_WARN_DEPRECATED_OBJC_IMPLEMENTATIONS = YES;
				CLANG_WARN_DIRECT_OBJC_ISA_USAGE = YES_ERROR;
				CLANG_WARN_DOCUMENTATION_COMMENTS = YES;
				CLANG_WARN_EMPTY_BODY = YES;
				CLANG_WARN_ENUM_CONVERSION = YES;
				CLANG_WARN_INFINITE_RECURSION = YES;
				CLANG_WARN_INT_CONVERSION = YES;
				CLANG_WARN_NON_LITERAL_NULL_CONVERSION = YES;
				CLANG_WARN_OBJC_IMPLICIT_RETAIN_SELF = YES;
				CLANG_WARN_OBJC_LITERAL_CONVERSION = YES;
				CLANG_WARN_OBJC_ROOT_CLASS = YES_ERROR;
				CLANG_WARN_QUOTED_INCLUDE_IN_FRAMEWORK_HEADER = YES;
				CLANG_WARN_RANGE_LOOP_ANALYSIS = YES;
				CLANG_WARN_STRICT_PROTOTYPES = YES;
				CLANG_WARN_SUSPICIOUS_MOVE = YES;
				CLANG_WARN_UNGUARDED_AVAILABILITY = YES_AGGRESSIVE;
				CLANG_WARN_UNREACHABLE_CODE = YES;
				CLANG_WARN__DUPLICATE_METHOD_MATCH = YES;
				COPY_PHASE_STRIP = NO;
				DEBUG_INFORMATION_FORMAT = "dwarf-with-dsym";
				ENABLE_NS_ASSERTIONS = NO;
				ENABLE_STRICT_OBJC_MSGSEND = YES;
				ENABLE_USER_SCRIPT_SANDBOXING = YES;
				GCC_C_LANGUAGE_STANDARD = gnu17;
				GCC_NO_COMMON_BLOCKS = YES;
				GCC_WARN_64_TO_32_BIT_CONVERSION = YES;
				GCC_WARN_ABOUT_RETURN_TYPE = YES_ERROR;
				GCC_WARN_UNDECLARED_SELECTOR = YES;
				GCC_WARN_UNINITIALIZED_AUTOS = YES_AGGRESSIVE;
				GCC_WARN_UNUSED_FUNCTION = YES;
				GCC_WARN_UNUSED_VARIABLE = YES;
				IPHONEOS_DEPLOYMENT_TARGET = 17.0;
				LOCALIZATION_PREFERS_STRING_CATALOGS = YES;
				MTL_ENABLE_DEBUG_INFO = NO;
				MTL_FAST_MATH = YES;
				SDKROOT = iphoneos;
				SWIFT_COMPILATION_MODE = wholemodule;
				VALIDATE_PRODUCT = YES;
			};
			name = Release;
		};
		0167EC6B2AEC45DA006469C1 /* Debug */ = {
			isa = XCBuildConfiguration;
			buildSettings = {
				ASSETCATALOG_COMPILER_APPICON_NAME = AppIcon;
				ASSETCATALOG_COMPILER_GLOBAL_ACCENT_COLOR_NAME = AccentColor;
				CODE_SIGN_ENTITLEMENTS = Kofi/App/Resources/Kofi.entitlements;
				CODE_SIGN_STYLE = Automatic;
				CURRENT_PROJECT_VERSION = 1;
				DEVELOPMENT_ASSET_PATHS = "\"Kofi/App/Resources/Preview Content\"";
				DEVELOPMENT_TEAM = 4FV3MXV8J6;
				ENABLE_PREVIEWS = YES;
				GENERATE_INFOPLIST_FILE = YES;
				INFOPLIST_KEY_UIApplicationSceneManifest_Generation = YES;
				INFOPLIST_KEY_UIApplicationSupportsIndirectInputEvents = YES;
				INFOPLIST_KEY_UILaunchScreen_Generation = YES;
				INFOPLIST_KEY_UISupportedInterfaceOrientations = UIInterfaceOrientationPortrait;
				INFOPLIST_KEY_UISupportedInterfaceOrientations_iPad = "UIInterfaceOrientationLandscapeLeft UIInterfaceOrientationLandscapeRight UIInterfaceOrientationPortrait UIInterfaceOrientationPortraitUpsideDown";
				LD_RUNPATH_SEARCH_PATHS = (
					"$(inherited)",
					"@executable_path/Frameworks",
				);
				MARKETING_VERSION = 1.0;
				PRODUCT_BUNDLE_IDENTIFIER = br.com.geovanacontine.Kofi;
				PRODUCT_NAME = "$(TARGET_NAME)";
				SUPPORTED_PLATFORMS = "iphoneos iphonesimulator";
				SUPPORTS_MACCATALYST = NO;
				SUPPORTS_MAC_DESIGNED_FOR_IPHONE_IPAD = NO;
				SWIFT_EMIT_LOC_STRINGS = YES;
				SWIFT_VERSION = 5.0;
				TARGETED_DEVICE_FAMILY = 1;
			};
			name = Debug;
		};
		0167EC6C2AEC45DA006469C1 /* Release */ = {
			isa = XCBuildConfiguration;
			buildSettings = {
				ASSETCATALOG_COMPILER_APPICON_NAME = AppIcon;
				ASSETCATALOG_COMPILER_GLOBAL_ACCENT_COLOR_NAME = AccentColor;
				CODE_SIGN_ENTITLEMENTS = Kofi/App/Resources/Kofi.entitlements;
				CODE_SIGN_STYLE = Automatic;
				CURRENT_PROJECT_VERSION = 1;
				DEVELOPMENT_ASSET_PATHS = "\"Kofi/App/Resources/Preview Content\"";
				DEVELOPMENT_TEAM = 4FV3MXV8J6;
				ENABLE_PREVIEWS = YES;
				GENERATE_INFOPLIST_FILE = YES;
				INFOPLIST_KEY_UIApplicationSceneManifest_Generation = YES;
				INFOPLIST_KEY_UIApplicationSupportsIndirectInputEvents = YES;
				INFOPLIST_KEY_UILaunchScreen_Generation = YES;
				INFOPLIST_KEY_UISupportedInterfaceOrientations = UIInterfaceOrientationPortrait;
				INFOPLIST_KEY_UISupportedInterfaceOrientations_iPad = "UIInterfaceOrientationLandscapeLeft UIInterfaceOrientationLandscapeRight UIInterfaceOrientationPortrait UIInterfaceOrientationPortraitUpsideDown";
				LD_RUNPATH_SEARCH_PATHS = (
					"$(inherited)",
					"@executable_path/Frameworks",
				);
				MARKETING_VERSION = 1.0;
				PRODUCT_BUNDLE_IDENTIFIER = br.com.geovanacontine.Kofi;
				PRODUCT_NAME = "$(TARGET_NAME)";
				SUPPORTED_PLATFORMS = "iphoneos iphonesimulator";
				SUPPORTS_MACCATALYST = NO;
				SUPPORTS_MAC_DESIGNED_FOR_IPHONE_IPAD = NO;
				SWIFT_EMIT_LOC_STRINGS = YES;
				SWIFT_VERSION = 5.0;
				TARGETED_DEVICE_FAMILY = 1;
			};
			name = Release;
		};
/* End XCBuildConfiguration section */

/* Begin XCConfigurationList section */
		0167EC572AEC45D9006469C1 /* Build configuration list for PBXProject "Kofi" */ = {
			isa = XCConfigurationList;
			buildConfigurations = (
				0167EC682AEC45DA006469C1 /* Debug */,
				0167EC692AEC45DA006469C1 /* Release */,
			);
			defaultConfigurationIsVisible = 0;
			defaultConfigurationName = Release;
		};
		0167EC6A2AEC45DA006469C1 /* Build configuration list for PBXNativeTarget "Kofi" */ = {
			isa = XCConfigurationList;
			buildConfigurations = (
				0167EC6B2AEC45DA006469C1 /* Debug */,
				0167EC6C2AEC45DA006469C1 /* Release */,
			);
			defaultConfigurationIsVisible = 0;
			defaultConfigurationName = Release;
		};
/* End XCConfigurationList section */

/* Begin XCLocalSwiftPackageReference section */
		01845B272AF2BD420051F182 /* XCLocalSwiftPackageReference "../../Kits/GeoKit" */ = {
			isa = XCLocalSwiftPackageReference;
			relativePath = ../../Kits/GeoKit;
		};
/* End XCLocalSwiftPackageReference section */

/* Begin XCSwiftPackageProductDependency section */
		01845B282AF2BD420051F182 /* GeoKit */ = {
			isa = XCSwiftPackageProductDependency;
			productName = GeoKit;
		};
/* End XCSwiftPackageProductDependency section */
	};
	rootObject = 0167EC542AEC45D9006469C1 /* Project object */;
}
